// !$*UTF8*$!
{
	archiveVersion = 1;
	classes = {
	};
	objectVersion = 51;
	objects = {

/* Begin PBXBuildFile section */
		1F2636702440990F00CA60B1 /* AppDelegate.swift in Sources */ = {isa = PBXBuildFile; fileRef = 1F26366F2440990F00CA60B1 /* AppDelegate.swift */; };
		1F2636722440990F00CA60B1 /* SceneDelegate.swift in Sources */ = {isa = PBXBuildFile; fileRef = 1F2636712440990F00CA60B1 /* SceneDelegate.swift */; };
		1F2636742440990F00CA60B1 /* LoginViewController.swift in Sources */ = {isa = PBXBuildFile; fileRef = 1F2636732440990F00CA60B1 /* LoginViewController.swift */; };
		1F2636792440991000CA60B1 /* Assets.xcassets in Resources */ = {isa = PBXBuildFile; fileRef = 1F2636782440991000CA60B1 /* Assets.xcassets */; };
		1F26367C2440991000CA60B1 /* LaunchScreen.storyboard in Resources */ = {isa = PBXBuildFile; fileRef = 1F26367A2440991000CA60B1 /* LaunchScreen.storyboard */; };
		1F2636872440991000CA60B1 /* DiscussTests.swift in Sources */ = {isa = PBXBuildFile; fileRef = 1F2636862440991000CA60B1 /* DiscussTests.swift */; };
		1F2636922440991000CA60B1 /* DiscussUITests.swift in Sources */ = {isa = PBXBuildFile; fileRef = 1F2636912440991000CA60B1 /* DiscussUITests.swift */; };
		1F2636A024409D9400CA60B1 /* GoogleService-Info.plist in Resources */ = {isa = PBXBuildFile; fileRef = 1F26369F24409D9400CA60B1 /* GoogleService-Info.plist */; };
		1F2636A22440A3B200CA60B1 /* MainTabBarController.swift in Sources */ = {isa = PBXBuildFile; fileRef = 1F2636A12440A3B200CA60B1 /* MainTabBarController.swift */; };
		1F2636A62440B5BB00CA60B1 /* UserProfileViewController.swift in Sources */ = {isa = PBXBuildFile; fileRef = 1F2636A52440B5BB00CA60B1 /* UserProfileViewController.swift */; };
		1F5FEE2D24582AB100758698 /* Colors.swift in Sources */ = {isa = PBXBuildFile; fileRef = 1F5FEE2C24582AB100758698 /* Colors.swift */; };
		1FD802BB2441FF5700801854 /* NewProfileViewController.swift in Sources */ = {isa = PBXBuildFile; fileRef = 1FD802BA2441FF5700801854 /* NewProfileViewController.swift */; };
		1FD802BE24423D2D00801854 /* UserProfileHeader.swift in Sources */ = {isa = PBXBuildFile; fileRef = 1FD802BD24423D2D00801854 /* UserProfileHeader.swift */; };
		1FD802C52442FD1100801854 /* PostViewController.swift in Sources */ = {isa = PBXBuildFile; fileRef = 1FD802C42442FD1100801854 /* PostViewController.swift */; };
		1FD802C82444A72800801854 /* Post.swift in Sources */ = {isa = PBXBuildFile; fileRef = 1FD802C72444A72800801854 /* Post.swift */; };
		1FD802CA2444A9DB00801854 /* UserProfileGridCell.swift in Sources */ = {isa = PBXBuildFile; fileRef = 1FD802C92444A9DB00801854 /* UserProfileGridCell.swift */; };
		1FD802CC2445B03200801854 /* HomePageViewController.swift in Sources */ = {isa = PBXBuildFile; fileRef = 1FD802CB2445B03200801854 /* HomePageViewController.swift */; };
		1FD802D02445B24F00801854 /* HomePageCell.swift in Sources */ = {isa = PBXBuildFile; fileRef = 1FD802CF2445B24F00801854 /* HomePageCell.swift */; };
		1FD802D22445CDDB00801854 /* User.swift in Sources */ = {isa = PBXBuildFile; fileRef = 1FD802D12445CDDB00801854 /* User.swift */; };
		1FD802D52445D85B00801854 /* FirebaseUtilities.swift in Sources */ = {isa = PBXBuildFile; fileRef = 1FD802D42445D85B00801854 /* FirebaseUtilities.swift */; };
		1FD802D82445D92E00801854 /* SearchViewController.swift in Sources */ = {isa = PBXBuildFile; fileRef = 1FD802D72445D92E00801854 /* SearchViewController.swift */; };
		1FD802DA2445DDB200801854 /* SearchCell.swift in Sources */ = {isa = PBXBuildFile; fileRef = 1FD802D92445DDB200801854 /* SearchCell.swift */; };
		1FD802DD2448550E00801854 /* PostPageViewController.swift in Sources */ = {isa = PBXBuildFile; fileRef = 1FD802DC2448550E00801854 /* PostPageViewController.swift */; };
		1FD802DF244855B000801854 /* PostPageHeader.swift in Sources */ = {isa = PBXBuildFile; fileRef = 1FD802DE244855B000801854 /* PostPageHeader.swift */; };
		1FD802E12448C6DD00801854 /* CustomView.swift in Sources */ = {isa = PBXBuildFile; fileRef = 1FD802E02448C6DD00801854 /* CustomView.swift */; };
		1FD802E32448D11900801854 /* Comment.swift in Sources */ = {isa = PBXBuildFile; fileRef = 1FD802E22448D11900801854 /* Comment.swift */; };
		1FD802E52449B37100801854 /* PostPageCell.swift in Sources */ = {isa = PBXBuildFile; fileRef = 1FD802E42449B37100801854 /* PostPageCell.swift */; };
		1FFE914C244AEF5D004BF5C4 /* LikePageViewController.swift in Sources */ = {isa = PBXBuildFile; fileRef = 1FFE914B244AEF5D004BF5C4 /* LikePageViewController.swift */; };
		1FFE9151244B1CA5004BF5C4 /* EditProfilePage.swift in Sources */ = {isa = PBXBuildFile; fileRef = 1FFE9150244B1CA5004BF5C4 /* EditProfilePage.swift */; };
		1FFE9153244B3BAD004BF5C4 /* FollowingPage.swift in Sources */ = {isa = PBXBuildFile; fileRef = 1FFE9152244B3BAD004BF5C4 /* FollowingPage.swift */; };
		1FFE9155244B5C5F004BF5C4 /* ImageUtilities.swift in Sources */ = {isa = PBXBuildFile; fileRef = 1FFE9154244B5C5F004BF5C4 /* ImageUtilities.swift */; };
		1FFE9157244B6BCD004BF5C4 /* PostFinalPage.swift in Sources */ = {isa = PBXBuildFile; fileRef = 1FFE9156244B6BCD004BF5C4 /* PostFinalPage.swift */; };
		6E1AEAF0D8384A45CED97AEA /* Pods_DiscussTests.framework in Frameworks */ = {isa = PBXBuildFile; fileRef = 03C888C387E3F43E7BB01A63 /* Pods_DiscussTests.framework */; };
		7240A44EA7266B0C59D942FB /* Pods_Discuss_DiscussUITests.framework in Frameworks */ = {isa = PBXBuildFile; fileRef = 7C8A0636202CD277A34C55A6 /* Pods_Discuss_DiscussUITests.framework */; };
		FD1F18B03349532829E8AB75 /* Pods_Discuss.framework in Frameworks */ = {isa = PBXBuildFile; fileRef = 06AFA6E1F4D4A44447F0CCD6 /* Pods_Discuss.framework */; };
/* End PBXBuildFile section */

/* Begin PBXContainerItemProxy section */
		1F2636832440991000CA60B1 /* PBXContainerItemProxy */ = {
			isa = PBXContainerItemProxy;
			containerPortal = 1F2636642440990F00CA60B1 /* Project object */;
			proxyType = 1;
			remoteGlobalIDString = 1F26366B2440990F00CA60B1;
			remoteInfo = Discuss;
		};
		1F26368E2440991000CA60B1 /* PBXContainerItemProxy */ = {
			isa = PBXContainerItemProxy;
			containerPortal = 1F2636642440990F00CA60B1 /* Project object */;
			proxyType = 1;
			remoteGlobalIDString = 1F26366B2440990F00CA60B1;
			remoteInfo = Discuss;
		};
/* End PBXContainerItemProxy section */

/* Begin PBXFileReference section */
		03C888C387E3F43E7BB01A63 /* Pods_DiscussTests.framework */ = {isa = PBXFileReference; explicitFileType = wrapper.framework; includeInIndex = 0; path = Pods_DiscussTests.framework; sourceTree = BUILT_PRODUCTS_DIR; };
		06AFA6E1F4D4A44447F0CCD6 /* Pods_Discuss.framework */ = {isa = PBXFileReference; explicitFileType = wrapper.framework; includeInIndex = 0; path = Pods_Discuss.framework; sourceTree = BUILT_PRODUCTS_DIR; };
		1F26366C2440990F00CA60B1 /* Discuss.app */ = {isa = PBXFileReference; explicitFileType = wrapper.application; includeInIndex = 0; path = Discuss.app; sourceTree = BUILT_PRODUCTS_DIR; };
		1F26366F2440990F00CA60B1 /* AppDelegate.swift */ = {isa = PBXFileReference; lastKnownFileType = sourcecode.swift; path = AppDelegate.swift; sourceTree = "<group>"; };
		1F2636712440990F00CA60B1 /* SceneDelegate.swift */ = {isa = PBXFileReference; lastKnownFileType = sourcecode.swift; path = SceneDelegate.swift; sourceTree = "<group>"; };
		1F2636732440990F00CA60B1 /* LoginViewController.swift */ = {isa = PBXFileReference; lastKnownFileType = sourcecode.swift; path = LoginViewController.swift; sourceTree = "<group>"; };
		1F2636782440991000CA60B1 /* Assets.xcassets */ = {isa = PBXFileReference; lastKnownFileType = folder.assetcatalog; path = Assets.xcassets; sourceTree = "<group>"; };
		1F26367B2440991000CA60B1 /* Base */ = {isa = PBXFileReference; lastKnownFileType = file.storyboard; name = Base; path = Base.lproj/LaunchScreen.storyboard; sourceTree = "<group>"; };
		1F26367D2440991000CA60B1 /* Info.plist */ = {isa = PBXFileReference; lastKnownFileType = text.plist.xml; path = Info.plist; sourceTree = "<group>"; };
		1F2636822440991000CA60B1 /* DiscussTests.xctest */ = {isa = PBXFileReference; explicitFileType = wrapper.cfbundle; includeInIndex = 0; path = DiscussTests.xctest; sourceTree = BUILT_PRODUCTS_DIR; };
		1F2636862440991000CA60B1 /* DiscussTests.swift */ = {isa = PBXFileReference; lastKnownFileType = sourcecode.swift; path = DiscussTests.swift; sourceTree = "<group>"; };
		1F2636882440991000CA60B1 /* Info.plist */ = {isa = PBXFileReference; lastKnownFileType = text.plist.xml; path = Info.plist; sourceTree = "<group>"; };
		1F26368D2440991000CA60B1 /* DiscussUITests.xctest */ = {isa = PBXFileReference; explicitFileType = wrapper.cfbundle; includeInIndex = 0; path = DiscussUITests.xctest; sourceTree = BUILT_PRODUCTS_DIR; };
		1F2636912440991000CA60B1 /* DiscussUITests.swift */ = {isa = PBXFileReference; lastKnownFileType = sourcecode.swift; path = DiscussUITests.swift; sourceTree = "<group>"; };
		1F2636932440991000CA60B1 /* Info.plist */ = {isa = PBXFileReference; lastKnownFileType = text.plist.xml; path = Info.plist; sourceTree = "<group>"; };
		1F26369F24409D9400CA60B1 /* GoogleService-Info.plist */ = {isa = PBXFileReference; fileEncoding = 4; lastKnownFileType = text.plist.xml; path = "GoogleService-Info.plist"; sourceTree = "<group>"; };
		1F2636A12440A3B200CA60B1 /* MainTabBarController.swift */ = {isa = PBXFileReference; lastKnownFileType = sourcecode.swift; path = MainTabBarController.swift; sourceTree = "<group>"; };
		1F2636A52440B5BB00CA60B1 /* UserProfileViewController.swift */ = {isa = PBXFileReference; lastKnownFileType = sourcecode.swift; path = UserProfileViewController.swift; sourceTree = "<group>"; };
		1F5FEE2C24582AB100758698 /* Colors.swift */ = {isa = PBXFileReference; lastKnownFileType = sourcecode.swift; path = Colors.swift; sourceTree = "<group>"; };
		1FD802BA2441FF5700801854 /* NewProfileViewController.swift */ = {isa = PBXFileReference; lastKnownFileType = sourcecode.swift; path = NewProfileViewController.swift; sourceTree = "<group>"; };
		1FD802BD24423D2D00801854 /* UserProfileHeader.swift */ = {isa = PBXFileReference; lastKnownFileType = sourcecode.swift; path = UserProfileHeader.swift; sourceTree = "<group>"; };
		1FD802C42442FD1100801854 /* PostViewController.swift */ = {isa = PBXFileReference; fileEncoding = 4; lastKnownFileType = sourcecode.swift; path = PostViewController.swift; sourceTree = "<group>"; };
		1FD802C72444A72800801854 /* Post.swift */ = {isa = PBXFileReference; lastKnownFileType = sourcecode.swift; path = Post.swift; sourceTree = "<group>"; };
		1FD802C92444A9DB00801854 /* UserProfileGridCell.swift */ = {isa = PBXFileReference; lastKnownFileType = sourcecode.swift; path = UserProfileGridCell.swift; sourceTree = "<group>"; };
		1FD802CB2445B03200801854 /* HomePageViewController.swift */ = {isa = PBXFileReference; lastKnownFileType = sourcecode.swift; path = HomePageViewController.swift; sourceTree = "<group>"; };
		1FD802CF2445B24F00801854 /* HomePageCell.swift */ = {isa = PBXFileReference; lastKnownFileType = sourcecode.swift; path = HomePageCell.swift; sourceTree = "<group>"; };
		1FD802D12445CDDB00801854 /* User.swift */ = {isa = PBXFileReference; lastKnownFileType = sourcecode.swift; path = User.swift; sourceTree = "<group>"; };
		1FD802D42445D85B00801854 /* FirebaseUtilities.swift */ = {isa = PBXFileReference; lastKnownFileType = sourcecode.swift; path = FirebaseUtilities.swift; sourceTree = "<group>"; };
		1FD802D72445D92E00801854 /* SearchViewController.swift */ = {isa = PBXFileReference; lastKnownFileType = sourcecode.swift; path = SearchViewController.swift; sourceTree = "<group>"; };
		1FD802D92445DDB200801854 /* SearchCell.swift */ = {isa = PBXFileReference; lastKnownFileType = sourcecode.swift; path = SearchCell.swift; sourceTree = "<group>"; };
		1FD802DC2448550E00801854 /* PostPageViewController.swift */ = {isa = PBXFileReference; lastKnownFileType = sourcecode.swift; path = PostPageViewController.swift; sourceTree = "<group>"; };
		1FD802DE244855B000801854 /* PostPageHeader.swift */ = {isa = PBXFileReference; lastKnownFileType = sourcecode.swift; path = PostPageHeader.swift; sourceTree = "<group>"; };
		1FD802E02448C6DD00801854 /* CustomView.swift */ = {isa = PBXFileReference; lastKnownFileType = sourcecode.swift; path = CustomView.swift; sourceTree = "<group>"; };
		1FD802E22448D11900801854 /* Comment.swift */ = {isa = PBXFileReference; lastKnownFileType = sourcecode.swift; path = Comment.swift; sourceTree = "<group>"; };
		1FD802E42449B37100801854 /* PostPageCell.swift */ = {isa = PBXFileReference; lastKnownFileType = sourcecode.swift; path = PostPageCell.swift; sourceTree = "<group>"; };
		1FFE914B244AEF5D004BF5C4 /* LikePageViewController.swift */ = {isa = PBXFileReference; lastKnownFileType = sourcecode.swift; path = LikePageViewController.swift; sourceTree = "<group>"; };
		1FFE9150244B1CA5004BF5C4 /* EditProfilePage.swift */ = {isa = PBXFileReference; lastKnownFileType = sourcecode.swift; path = EditProfilePage.swift; sourceTree = "<group>"; };
		1FFE9152244B3BAD004BF5C4 /* FollowingPage.swift */ = {isa = PBXFileReference; lastKnownFileType = sourcecode.swift; path = FollowingPage.swift; sourceTree = "<group>"; };
		1FFE9154244B5C5F004BF5C4 /* ImageUtilities.swift */ = {isa = PBXFileReference; lastKnownFileType = sourcecode.swift; path = ImageUtilities.swift; sourceTree = "<group>"; };
		1FFE9156244B6BCD004BF5C4 /* PostFinalPage.swift */ = {isa = PBXFileReference; lastKnownFileType = sourcecode.swift; path = PostFinalPage.swift; sourceTree = "<group>"; };
		3380CB6B14C6345889016979 /* Pods-Discuss.release.xcconfig */ = {isa = PBXFileReference; includeInIndex = 1; lastKnownFileType = text.xcconfig; name = "Pods-Discuss.release.xcconfig"; path = "Target Support Files/Pods-Discuss/Pods-Discuss.release.xcconfig"; sourceTree = "<group>"; };
		7BED5E0BA68B0FDE5A165398 /* Pods-Discuss.debug.xcconfig */ = {isa = PBXFileReference; includeInIndex = 1; lastKnownFileType = text.xcconfig; name = "Pods-Discuss.debug.xcconfig"; path = "Target Support Files/Pods-Discuss/Pods-Discuss.debug.xcconfig"; sourceTree = "<group>"; };
		7C8A0636202CD277A34C55A6 /* Pods_Discuss_DiscussUITests.framework */ = {isa = PBXFileReference; explicitFileType = wrapper.framework; includeInIndex = 0; path = Pods_Discuss_DiscussUITests.framework; sourceTree = BUILT_PRODUCTS_DIR; };
		BEAAFF3D60BD024F31AE05A9 /* Pods-DiscussTests.release.xcconfig */ = {isa = PBXFileReference; includeInIndex = 1; lastKnownFileType = text.xcconfig; name = "Pods-DiscussTests.release.xcconfig"; path = "Target Support Files/Pods-DiscussTests/Pods-DiscussTests.release.xcconfig"; sourceTree = "<group>"; };
		C3D6B0E80F7CE8D318B3045C /* Pods-DiscussTests.debug.xcconfig */ = {isa = PBXFileReference; includeInIndex = 1; lastKnownFileType = text.xcconfig; name = "Pods-DiscussTests.debug.xcconfig"; path = "Target Support Files/Pods-DiscussTests/Pods-DiscussTests.debug.xcconfig"; sourceTree = "<group>"; };
		CAE7D017D1EE7AE822D7324C /* Pods-Discuss-DiscussUITests.release.xcconfig */ = {isa = PBXFileReference; includeInIndex = 1; lastKnownFileType = text.xcconfig; name = "Pods-Discuss-DiscussUITests.release.xcconfig"; path = "Target Support Files/Pods-Discuss-DiscussUITests/Pods-Discuss-DiscussUITests.release.xcconfig"; sourceTree = "<group>"; };
		FCD30C9E31E7339CA15A2429 /* Pods-Discuss-DiscussUITests.debug.xcconfig */ = {isa = PBXFileReference; includeInIndex = 1; lastKnownFileType = text.xcconfig; name = "Pods-Discuss-DiscussUITests.debug.xcconfig"; path = "Target Support Files/Pods-Discuss-DiscussUITests/Pods-Discuss-DiscussUITests.debug.xcconfig"; sourceTree = "<group>"; };
/* End PBXFileReference section */

/* Begin PBXFrameworksBuildPhase section */
		1F2636692440990F00CA60B1 /* Frameworks */ = {
			isa = PBXFrameworksBuildPhase;
			buildActionMask = 2147483647;
			files = (
				FD1F18B03349532829E8AB75 /* Pods_Discuss.framework in Frameworks */,
			);
			runOnlyForDeploymentPostprocessing = 0;
		};
		1F26367F2440991000CA60B1 /* Frameworks */ = {
			isa = PBXFrameworksBuildPhase;
			buildActionMask = 2147483647;
			files = (
				6E1AEAF0D8384A45CED97AEA /* Pods_DiscussTests.framework in Frameworks */,
			);
			runOnlyForDeploymentPostprocessing = 0;
		};
		1F26368A2440991000CA60B1 /* Frameworks */ = {
			isa = PBXFrameworksBuildPhase;
			buildActionMask = 2147483647;
			files = (
				7240A44EA7266B0C59D942FB /* Pods_Discuss_DiscussUITests.framework in Frameworks */,
			);
			runOnlyForDeploymentPostprocessing = 0;
		};
/* End PBXFrameworksBuildPhase section */

/* Begin PBXGroup section */
		09222C3750B70808EEDAABAE /* Pods */ = {
			isa = PBXGroup;
			children = (
				7BED5E0BA68B0FDE5A165398 /* Pods-Discuss.debug.xcconfig */,
				3380CB6B14C6345889016979 /* Pods-Discuss.release.xcconfig */,
				FCD30C9E31E7339CA15A2429 /* Pods-Discuss-DiscussUITests.debug.xcconfig */,
				CAE7D017D1EE7AE822D7324C /* Pods-Discuss-DiscussUITests.release.xcconfig */,
				C3D6B0E80F7CE8D318B3045C /* Pods-DiscussTests.debug.xcconfig */,
				BEAAFF3D60BD024F31AE05A9 /* Pods-DiscussTests.release.xcconfig */,
			);
			path = Pods;
			sourceTree = "<group>";
		};
		1F2636632440990F00CA60B1 = {
			isa = PBXGroup;
			children = (
				1F26366E2440990F00CA60B1 /* Discuss */,
				1F2636852440991000CA60B1 /* DiscussTests */,
				1F2636902440991000CA60B1 /* DiscussUITests */,
				1F26366D2440990F00CA60B1 /* Products */,
				09222C3750B70808EEDAABAE /* Pods */,
				6A1ED113EE17559CD7285FEC /* Frameworks */,
			);
			sourceTree = "<group>";
		};
		1F26366D2440990F00CA60B1 /* Products */ = {
			isa = PBXGroup;
			children = (
				1F26366C2440990F00CA60B1 /* Discuss.app */,
				1F2636822440991000CA60B1 /* DiscussTests.xctest */,
				1F26368D2440991000CA60B1 /* DiscussUITests.xctest */,
			);
			name = Products;
			sourceTree = "<group>";
		};
		1F26366E2440990F00CA60B1 /* Discuss */ = {
			isa = PBXGroup;
			children = (
				1FFE914F244B1C94004BF5C4 /* Profile */,
				1FFE914A244AEF4E004BF5C4 /* LikePage */,
				1FD802DB244854F100801854 /* Post */,
				1FD802D62445D91D00801854 /* SearchPage */,
				1FD802D32445D84A00801854 /* Utilities */,
				1FD802BC24423D1F00801854 /* UserProfile */,
				1FD802CD2445B1D600801854 /* HomePage */,
				1FD802C62444A70800801854 /* Models */,
				1F26369F24409D9400CA60B1 /* GoogleService-Info.plist */,
				1F26366F2440990F00CA60B1 /* AppDelegate.swift */,
				1F2636712440990F00CA60B1 /* SceneDelegate.swift */,
				1F2636732440990F00CA60B1 /* LoginViewController.swift */,
				1F2636782440991000CA60B1 /* Assets.xcassets */,
				1F26367A2440991000CA60B1 /* LaunchScreen.storyboard */,
				1F26367D2440991000CA60B1 /* Info.plist */,
				1F2636A12440A3B200CA60B1 /* MainTabBarController.swift */,
			);
			path = Discuss;
			sourceTree = "<group>";
		};
		1F2636852440991000CA60B1 /* DiscussTests */ = {
			isa = PBXGroup;
			children = (
				1F2636862440991000CA60B1 /* DiscussTests.swift */,
				1F2636882440991000CA60B1 /* Info.plist */,
			);
			path = DiscussTests;
			sourceTree = "<group>";
		};
		1F2636902440991000CA60B1 /* DiscussUITests */ = {
			isa = PBXGroup;
			children = (
				1F2636912440991000CA60B1 /* DiscussUITests.swift */,
				1F2636932440991000CA60B1 /* Info.plist */,
			);
			path = DiscussUITests;
			sourceTree = "<group>";
		};
		1FD802BC24423D1F00801854 /* UserProfile */ = {
			isa = PBXGroup;
			children = (
				1F2636A52440B5BB00CA60B1 /* UserProfileViewController.swift */,
				1FD802BD24423D2D00801854 /* UserProfileHeader.swift */,
				1FD802C92444A9DB00801854 /* UserProfileGridCell.swift */,
				1FFE9152244B3BAD004BF5C4 /* FollowingPage.swift */,
			);
			path = UserProfile;
			sourceTree = "<group>";
		};
		1FD802C62444A70800801854 /* Models */ = {
			isa = PBXGroup;
			children = (
				1FD802C72444A72800801854 /* Post.swift */,
				1FD802D12445CDDB00801854 /* User.swift */,
				1FD802E22448D11900801854 /* Comment.swift */,
			);
			path = Models;
			sourceTree = "<group>";
		};
		1FD802CD2445B1D600801854 /* HomePage */ = {
			isa = PBXGroup;
			children = (
				1FD802CB2445B03200801854 /* HomePageViewController.swift */,
				1FD802CF2445B24F00801854 /* HomePageCell.swift */,
			);
			path = HomePage;
			sourceTree = "<group>";
		};
		1FD802D32445D84A00801854 /* Utilities */ = {
			isa = PBXGroup;
			children = (
				1FD802D42445D85B00801854 /* FirebaseUtilities.swift */,
				1FD802E02448C6DD00801854 /* CustomView.swift */,
				1FFE9154244B5C5F004BF5C4 /* ImageUtilities.swift */,
				1F5FEE2C24582AB100758698 /* Colors.swift */,
			);
			path = Utilities;
			sourceTree = "<group>";
		};
		1FD802D62445D91D00801854 /* SearchPage */ = {
			isa = PBXGroup;
			children = (
				1FD802D72445D92E00801854 /* SearchViewController.swift */,
				1FD802D92445DDB200801854 /* SearchCell.swift */,
			);
			path = SearchPage;
			sourceTree = "<group>";
		};
		1FD802DB244854F100801854 /* Post */ = {
			isa = PBXGroup;
			children = (
				1FD802C42442FD1100801854 /* PostViewController.swift */,
				1FFE9156244B6BCD004BF5C4 /* PostFinalPage.swift */,
				1FD802DC2448550E00801854 /* PostPageViewController.swift */,
				1FD802DE244855B000801854 /* PostPageHeader.swift */,
				1FD802E42449B37100801854 /* PostPageCell.swift */,
			);
			path = Post;
			sourceTree = "<group>";
		};
		1FFE914A244AEF4E004BF5C4 /* LikePage */ = {
			isa = PBXGroup;
			children = (
				1FFE914B244AEF5D004BF5C4 /* LikePageViewController.swift */,
			);
			path = LikePage;
			sourceTree = "<group>";
		};
		1FFE914F244B1C94004BF5C4 /* Profile */ = {
			isa = PBXGroup;
			children = (
				1FD802BA2441FF5700801854 /* NewProfileViewController.swift */,
				1FFE9150244B1CA5004BF5C4 /* EditProfilePage.swift */,
			);
			path = Profile;
			sourceTree = "<group>";
		};
		6A1ED113EE17559CD7285FEC /* Frameworks */ = {
			isa = PBXGroup;
			children = (
				06AFA6E1F4D4A44447F0CCD6 /* Pods_Discuss.framework */,
				7C8A0636202CD277A34C55A6 /* Pods_Discuss_DiscussUITests.framework */,
				03C888C387E3F43E7BB01A63 /* Pods_DiscussTests.framework */,
			);
			name = Frameworks;
			sourceTree = "<group>";
		};
/* End PBXGroup section */

/* Begin PBXNativeTarget section */
		1F26366B2440990F00CA60B1 /* Discuss */ = {
			isa = PBXNativeTarget;
			buildConfigurationList = 1F2636962440991000CA60B1 /* Build configuration list for PBXNativeTarget "Discuss" */;
			buildPhases = (
				A36A48CF8521913639C4FD37 /* [CP] Check Pods Manifest.lock */,
				1F2636682440990F00CA60B1 /* Sources */,
				1F2636692440990F00CA60B1 /* Frameworks */,
				1F26366A2440990F00CA60B1 /* Resources */,
				DD1842960DB4CF6C04BAE8C7 /* [CP] Embed Pods Frameworks */,
				DC938447EFE88D6B57B9592A /* [CP] Copy Pods Resources */,
			);
			buildRules = (
			);
			dependencies = (
			);
			name = Discuss;
			productName = Discuss;
			productReference = 1F26366C2440990F00CA60B1 /* Discuss.app */;
			productType = "com.apple.product-type.application";
		};
		1F2636812440991000CA60B1 /* DiscussTests */ = {
			isa = PBXNativeTarget;
			buildConfigurationList = 1F2636992440991000CA60B1 /* Build configuration list for PBXNativeTarget "DiscussTests" */;
			buildPhases = (
				37A96B86045063134CCCE079 /* [CP] Check Pods Manifest.lock */,
				1F26367E2440991000CA60B1 /* Sources */,
				1F26367F2440991000CA60B1 /* Frameworks */,
				1F2636802440991000CA60B1 /* Resources */,
			);
			buildRules = (
			);
			dependencies = (
				1F2636842440991000CA60B1 /* PBXTargetDependency */,
			);
			name = DiscussTests;
			productName = DiscussTests;
			productReference = 1F2636822440991000CA60B1 /* DiscussTests.xctest */;
			productType = "com.apple.product-type.bundle.unit-test";
		};
		1F26368C2440991000CA60B1 /* DiscussUITests */ = {
			isa = PBXNativeTarget;
			buildConfigurationList = 1F26369C2440991000CA60B1 /* Build configuration list for PBXNativeTarget "DiscussUITests" */;
			buildPhases = (
				5E634631445F5D7524C2F87E /* [CP] Check Pods Manifest.lock */,
				1F2636892440991000CA60B1 /* Sources */,
				1F26368A2440991000CA60B1 /* Frameworks */,
				1F26368B2440991000CA60B1 /* Resources */,
				F6B507FFB718F58EEEA6CC26 /* [CP] Embed Pods Frameworks */,
				054CD1ED3B38C28351440919 /* [CP] Copy Pods Resources */,
			);
			buildRules = (
			);
			dependencies = (
				1F26368F2440991000CA60B1 /* PBXTargetDependency */,
			);
			name = DiscussUITests;
			productName = DiscussUITests;
			productReference = 1F26368D2440991000CA60B1 /* DiscussUITests.xctest */;
			productType = "com.apple.product-type.bundle.ui-testing";
		};
/* End PBXNativeTarget section */

/* Begin PBXProject section */
		1F2636642440990F00CA60B1 /* Project object */ = {
			isa = PBXProject;
			attributes = {
				LastSwiftUpdateCheck = 1140;
				LastUpgradeCheck = 1140;
				ORGANIZATIONNAME = "Harsh Motwani";
				TargetAttributes = {
					1F26366B2440990F00CA60B1 = {
						CreatedOnToolsVersion = 11.4;
					};
					1F2636812440991000CA60B1 = {
						CreatedOnToolsVersion = 11.4;
						TestTargetID = 1F26366B2440990F00CA60B1;
					};
					1F26368C2440991000CA60B1 = {
						CreatedOnToolsVersion = 11.4;
						TestTargetID = 1F26366B2440990F00CA60B1;
					};
				};
			};
			buildConfigurationList = 1F2636672440990F00CA60B1 /* Build configuration list for PBXProject "Discuss" */;
			compatibilityVersion = "Xcode 9.3";
			developmentRegion = en;
			hasScannedForEncodings = 0;
			knownRegions = (
				en,
				Base,
			);
			mainGroup = 1F2636632440990F00CA60B1;
			productRefGroup = 1F26366D2440990F00CA60B1 /* Products */;
			projectDirPath = "";
			projectRoot = "";
			targets = (
				1F26366B2440990F00CA60B1 /* Discuss */,
				1F2636812440991000CA60B1 /* DiscussTests */,
				1F26368C2440991000CA60B1 /* DiscussUITests */,
			);
		};
/* End PBXProject section */

/* Begin PBXResourcesBuildPhase section */
		1F26366A2440990F00CA60B1 /* Resources */ = {
			isa = PBXResourcesBuildPhase;
			buildActionMask = 2147483647;
			files = (
				1F26367C2440991000CA60B1 /* LaunchScreen.storyboard in Resources */,
				1F2636A024409D9400CA60B1 /* GoogleService-Info.plist in Resources */,
				1F2636792440991000CA60B1 /* Assets.xcassets in Resources */,
			);
			runOnlyForDeploymentPostprocessing = 0;
		};
		1F2636802440991000CA60B1 /* Resources */ = {
			isa = PBXResourcesBuildPhase;
			buildActionMask = 2147483647;
			files = (
			);
			runOnlyForDeploymentPostprocessing = 0;
		};
		1F26368B2440991000CA60B1 /* Resources */ = {
			isa = PBXResourcesBuildPhase;
			buildActionMask = 2147483647;
			files = (
			);
			runOnlyForDeploymentPostprocessing = 0;
		};
/* End PBXResourcesBuildPhase section */

/* Begin PBXShellScriptBuildPhase section */
		054CD1ED3B38C28351440919 /* [CP] Copy Pods Resources */ = {
			isa = PBXShellScriptBuildPhase;
			buildActionMask = 2147483647;
			files = (
			);
			inputFileListPaths = (
				"${PODS_ROOT}/Target Support Files/Pods-Discuss-DiscussUITests/Pods-Discuss-DiscussUITests-resources-${CONFIGURATION}-input-files.xcfilelist",
			);
			name = "[CP] Copy Pods Resources";
			outputFileListPaths = (
				"${PODS_ROOT}/Target Support Files/Pods-Discuss-DiscussUITests/Pods-Discuss-DiscussUITests-resources-${CONFIGURATION}-output-files.xcfilelist",
			);
			runOnlyForDeploymentPostprocessing = 0;
			shellPath = /bin/sh;
			shellScript = "\"${PODS_ROOT}/Target Support Files/Pods-Discuss-DiscussUITests/Pods-Discuss-DiscussUITests-resources.sh\"\n";
			showEnvVarsInLog = 0;
		};
		37A96B86045063134CCCE079 /* [CP] Check Pods Manifest.lock */ = {
			isa = PBXShellScriptBuildPhase;
			buildActionMask = 2147483647;
			files = (
			);
			inputFileListPaths = (
			);
			inputPaths = (
				"${PODS_PODFILE_DIR_PATH}/Podfile.lock",
				"${PODS_ROOT}/Manifest.lock",
			);
			name = "[CP] Check Pods Manifest.lock";
			outputFileListPaths = (
			);
			outputPaths = (
				"$(DERIVED_FILE_DIR)/Pods-DiscussTests-checkManifestLockResult.txt",
			);
			runOnlyForDeploymentPostprocessing = 0;
			shellPath = /bin/sh;
			shellScript = "diff \"${PODS_PODFILE_DIR_PATH}/Podfile.lock\" \"${PODS_ROOT}/Manifest.lock\" > /dev/null\nif [ $? != 0 ] ; then\n    # print error to STDERR\n    echo \"error: The sandbox is not in sync with the Podfile.lock. Run 'pod install' or update your CocoaPods installation.\" >&2\n    exit 1\nfi\n# This output is used by Xcode 'outputs' to avoid re-running this script phase.\necho \"SUCCESS\" > \"${SCRIPT_OUTPUT_FILE_0}\"\n";
			showEnvVarsInLog = 0;
		};
		5E634631445F5D7524C2F87E /* [CP] Check Pods Manifest.lock */ = {
			isa = PBXShellScriptBuildPhase;
			buildActionMask = 2147483647;
			files = (
			);
			inputFileListPaths = (
			);
			inputPaths = (
				"${PODS_PODFILE_DIR_PATH}/Podfile.lock",
				"${PODS_ROOT}/Manifest.lock",
			);
			name = "[CP] Check Pods Manifest.lock";
			outputFileListPaths = (
			);
			outputPaths = (
				"$(DERIVED_FILE_DIR)/Pods-Discuss-DiscussUITests-checkManifestLockResult.txt",
			);
			runOnlyForDeploymentPostprocessing = 0;
			shellPath = /bin/sh;
			shellScript = "diff \"${PODS_PODFILE_DIR_PATH}/Podfile.lock\" \"${PODS_ROOT}/Manifest.lock\" > /dev/null\nif [ $? != 0 ] ; then\n    # print error to STDERR\n    echo \"error: The sandbox is not in sync with the Podfile.lock. Run 'pod install' or update your CocoaPods installation.\" >&2\n    exit 1\nfi\n# This output is used by Xcode 'outputs' to avoid re-running this script phase.\necho \"SUCCESS\" > \"${SCRIPT_OUTPUT_FILE_0}\"\n";
			showEnvVarsInLog = 0;
		};
		A36A48CF8521913639C4FD37 /* [CP] Check Pods Manifest.lock */ = {
			isa = PBXShellScriptBuildPhase;
			buildActionMask = 2147483647;
			files = (
			);
			inputFileListPaths = (
			);
			inputPaths = (
				"${PODS_PODFILE_DIR_PATH}/Podfile.lock",
				"${PODS_ROOT}/Manifest.lock",
			);
			name = "[CP] Check Pods Manifest.lock";
			outputFileListPaths = (
			);
			outputPaths = (
				"$(DERIVED_FILE_DIR)/Pods-Discuss-checkManifestLockResult.txt",
			);
			runOnlyForDeploymentPostprocessing = 0;
			shellPath = /bin/sh;
			shellScript = "diff \"${PODS_PODFILE_DIR_PATH}/Podfile.lock\" \"${PODS_ROOT}/Manifest.lock\" > /dev/null\nif [ $? != 0 ] ; then\n    # print error to STDERR\n    echo \"error: The sandbox is not in sync with the Podfile.lock. Run 'pod install' or update your CocoaPods installation.\" >&2\n    exit 1\nfi\n# This output is used by Xcode 'outputs' to avoid re-running this script phase.\necho \"SUCCESS\" > \"${SCRIPT_OUTPUT_FILE_0}\"\n";
			showEnvVarsInLog = 0;
		};
		DC938447EFE88D6B57B9592A /* [CP] Copy Pods Resources */ = {
			isa = PBXShellScriptBuildPhase;
			buildActionMask = 2147483647;
			files = (
			);
			inputFileListPaths = (
				"${PODS_ROOT}/Target Support Files/Pods-Discuss/Pods-Discuss-resources-${CONFIGURATION}-input-files.xcfilelist",
			);
			name = "[CP] Copy Pods Resources";
			outputFileListPaths = (
				"${PODS_ROOT}/Target Support Files/Pods-Discuss/Pods-Discuss-resources-${CONFIGURATION}-output-files.xcfilelist",
			);
			runOnlyForDeploymentPostprocessing = 0;
			shellPath = /bin/sh;
			shellScript = "\"${PODS_ROOT}/Target Support Files/Pods-Discuss/Pods-Discuss-resources.sh\"\n";
			showEnvVarsInLog = 0;
		};
		DD1842960DB4CF6C04BAE8C7 /* [CP] Embed Pods Frameworks */ = {
			isa = PBXShellScriptBuildPhase;
			buildActionMask = 2147483647;
			files = (
			);
			inputFileListPaths = (
				"${PODS_ROOT}/Target Support Files/Pods-Discuss/Pods-Discuss-frameworks-${CONFIGURATION}-input-files.xcfilelist",
			);
			name = "[CP] Embed Pods Frameworks";
			outputFileListPaths = (
				"${PODS_ROOT}/Target Support Files/Pods-Discuss/Pods-Discuss-frameworks-${CONFIGURATION}-output-files.xcfilelist",
			);
			runOnlyForDeploymentPostprocessing = 0;
			shellPath = /bin/sh;
			shellScript = "\"${PODS_ROOT}/Target Support Files/Pods-Discuss/Pods-Discuss-frameworks.sh\"\n";
			showEnvVarsInLog = 0;
		};
		F6B507FFB718F58EEEA6CC26 /* [CP] Embed Pods Frameworks */ = {
			isa = PBXShellScriptBuildPhase;
			buildActionMask = 2147483647;
			files = (
			);
			inputFileListPaths = (
				"${PODS_ROOT}/Target Support Files/Pods-Discuss-DiscussUITests/Pods-Discuss-DiscussUITests-frameworks-${CONFIGURATION}-input-files.xcfilelist",
			);
			name = "[CP] Embed Pods Frameworks";
			outputFileListPaths = (
				"${PODS_ROOT}/Target Support Files/Pods-Discuss-DiscussUITests/Pods-Discuss-DiscussUITests-frameworks-${CONFIGURATION}-output-files.xcfilelist",
			);
			runOnlyForDeploymentPostprocessing = 0;
			shellPath = /bin/sh;
			shellScript = "\"${PODS_ROOT}/Target Support Files/Pods-Discuss-DiscussUITests/Pods-Discuss-DiscussUITests-frameworks.sh\"\n";
			showEnvVarsInLog = 0;
		};
/* End PBXShellScriptBuildPhase section */

/* Begin PBXSourcesBuildPhase section */
		1F2636682440990F00CA60B1 /* Sources */ = {
			isa = PBXSourcesBuildPhase;
			buildActionMask = 2147483647;
			files = (
				1FD802D82445D92E00801854 /* SearchViewController.swift in Sources */,
				1FD802DA2445DDB200801854 /* SearchCell.swift in Sources */,
				1FFE914C244AEF5D004BF5C4 /* LikePageViewController.swift in Sources */,
				1FD802D22445CDDB00801854 /* User.swift in Sources */,
				1FFE9153244B3BAD004BF5C4 /* FollowingPage.swift in Sources */,
				1FD802C52442FD1100801854 /* PostViewController.swift in Sources */,
				1F2636742440990F00CA60B1 /* LoginViewController.swift in Sources */,
				1FD802DD2448550E00801854 /* PostPageViewController.swift in Sources */,
				1FD802BE24423D2D00801854 /* UserProfileHeader.swift in Sources */,
				1FD802E12448C6DD00801854 /* CustomView.swift in Sources */,
				1F5FEE2D24582AB100758698 /* Colors.swift in Sources */,
				1FFE9151244B1CA5004BF5C4 /* EditProfilePage.swift in Sources */,
				1FD802D02445B24F00801854 /* HomePageCell.swift in Sources */,
				1F2636702440990F00CA60B1 /* AppDelegate.swift in Sources */,
				1FD802CA2444A9DB00801854 /* UserProfileGridCell.swift in Sources */,
				1F2636A22440A3B200CA60B1 /* MainTabBarController.swift in Sources */,
				1FD802DF244855B000801854 /* PostPageHeader.swift in Sources */,
				1F2636A62440B5BB00CA60B1 /* UserProfileViewController.swift in Sources */,
				1FD802CC2445B03200801854 /* HomePageViewController.swift in Sources */,
				1FD802E52449B37100801854 /* PostPageCell.swift in Sources */,
				1FD802E32448D11900801854 /* Comment.swift in Sources */,
				1FD802C82444A72800801854 /* Post.swift in Sources */,
				1FFE9157244B6BCD004BF5C4 /* PostFinalPage.swift in Sources */,
				1F2636722440990F00CA60B1 /* SceneDelegate.swift in Sources */,
				1FD802BB2441FF5700801854 /* NewProfileViewController.swift in Sources */,
				1FFE9155244B5C5F004BF5C4 /* ImageUtilities.swift in Sources */,
				1FD802D52445D85B00801854 /* FirebaseUtilities.swift in Sources */,
			);
			runOnlyForDeploymentPostprocessing = 0;
		};
		1F26367E2440991000CA60B1 /* Sources */ = {
			isa = PBXSourcesBuildPhase;
			buildActionMask = 2147483647;
			files = (
				1F2636872440991000CA60B1 /* DiscussTests.swift in Sources */,
			);
			runOnlyForDeploymentPostprocessing = 0;
		};
		1F2636892440991000CA60B1 /* Sources */ = {
			isa = PBXSourcesBuildPhase;
			buildActionMask = 2147483647;
			files = (
				1F2636922440991000CA60B1 /* DiscussUITests.swift in Sources */,
			);
			runOnlyForDeploymentPostprocessing = 0;
		};
/* End PBXSourcesBuildPhase section */

/* Begin PBXTargetDependency section */
		1F2636842440991000CA60B1 /* PBXTargetDependency */ = {
			isa = PBXTargetDependency;
			target = 1F26366B2440990F00CA60B1 /* Discuss */;
			targetProxy = 1F2636832440991000CA60B1 /* PBXContainerItemProxy */;
		};
		1F26368F2440991000CA60B1 /* PBXTargetDependency */ = {
			isa = PBXTargetDependency;
			target = 1F26366B2440990F00CA60B1 /* Discuss */;
			targetProxy = 1F26368E2440991000CA60B1 /* PBXContainerItemProxy */;
		};
/* End PBXTargetDependency section */

/* Begin PBXVariantGroup section */
		1F26367A2440991000CA60B1 /* LaunchScreen.storyboard */ = {
			isa = PBXVariantGroup;
			children = (
				1F26367B2440991000CA60B1 /* Base */,
			);
			name = LaunchScreen.storyboard;
			sourceTree = "<group>";
		};
/* End PBXVariantGroup section */

/* Begin XCBuildConfiguration section */
		1F2636942440991000CA60B1 /* Debug */ = {
			isa = XCBuildConfiguration;
			buildSettings = {
				ALWAYS_SEARCH_USER_PATHS = NO;
				CLANG_ANALYZER_NONNULL = YES;
				CLANG_ANALYZER_NUMBER_OBJECT_CONVERSION = YES_AGGRESSIVE;
				CLANG_CXX_LANGUAGE_STANDARD = "gnu++14";
				CLANG_CXX_LIBRARY = "libc++";
				CLANG_ENABLE_MODULES = YES;
				CLANG_ENABLE_OBJC_ARC = YES;
				CLANG_ENABLE_OBJC_WEAK = YES;
				CLANG_WARN_BLOCK_CAPTURE_AUTORELEASING = YES;
				CLANG_WARN_BOOL_CONVERSION = YES;
				CLANG_WARN_COMMA = YES;
				CLANG_WARN_CONSTANT_CONVERSION = YES;
				CLANG_WARN_DEPRECATED_OBJC_IMPLEMENTATIONS = YES;
				CLANG_WARN_DIRECT_OBJC_ISA_USAGE = YES_ERROR;
				CLANG_WARN_DOCUMENTATION_COMMENTS = YES;
				CLANG_WARN_EMPTY_BODY = YES;
				CLANG_WARN_ENUM_CONVERSION = YES;
				CLANG_WARN_INFINITE_RECURSION = YES;
				CLANG_WARN_INT_CONVERSION = YES;
				CLANG_WARN_NON_LITERAL_NULL_CONVERSION = YES;
				CLANG_WARN_OBJC_IMPLICIT_RETAIN_SELF = YES;
				CLANG_WARN_OBJC_LITERAL_CONVERSION = YES;
				CLANG_WARN_OBJC_ROOT_CLASS = YES_ERROR;
				CLANG_WARN_RANGE_LOOP_ANALYSIS = YES;
				CLANG_WARN_STRICT_PROTOTYPES = YES;
				CLANG_WARN_SUSPICIOUS_MOVE = YES;
				CLANG_WARN_UNGUARDED_AVAILABILITY = YES_AGGRESSIVE;
				CLANG_WARN_UNREACHABLE_CODE = YES;
				CLANG_WARN__DUPLICATE_METHOD_MATCH = YES;
				COPY_PHASE_STRIP = NO;
				DEBUG_INFORMATION_FORMAT = dwarf;
				ENABLE_STRICT_OBJC_MSGSEND = YES;
				ENABLE_TESTABILITY = YES;
				GCC_C_LANGUAGE_STANDARD = gnu11;
				GCC_DYNAMIC_NO_PIC = NO;
				GCC_NO_COMMON_BLOCKS = YES;
				GCC_OPTIMIZATION_LEVEL = 0;
				GCC_PREPROCESSOR_DEFINITIONS = (
					"DEBUG=1",
					"$(inherited)",
				);
				GCC_WARN_64_TO_32_BIT_CONVERSION = YES;
				GCC_WARN_ABOUT_RETURN_TYPE = YES_ERROR;
				GCC_WARN_UNDECLARED_SELECTOR = YES;
				GCC_WARN_UNINITIALIZED_AUTOS = YES_AGGRESSIVE;
				GCC_WARN_UNUSED_FUNCTION = YES;
				GCC_WARN_UNUSED_VARIABLE = YES;
				IPHONEOS_DEPLOYMENT_TARGET = 13.4;
				MTL_ENABLE_DEBUG_INFO = INCLUDE_SOURCE;
				MTL_FAST_MATH = YES;
				ONLY_ACTIVE_ARCH = YES;
				SDKROOT = iphoneos;
				SWIFT_ACTIVE_COMPILATION_CONDITIONS = DEBUG;
				SWIFT_OPTIMIZATION_LEVEL = "-Onone";
			};
			name = Debug;
		};
		1F2636952440991000CA60B1 /* Release */ = {
			isa = XCBuildConfiguration;
			buildSettings = {
				ALWAYS_SEARCH_USER_PATHS = NO;
				CLANG_ANALYZER_NONNULL = YES;
				CLANG_ANALYZER_NUMBER_OBJECT_CONVERSION = YES_AGGRESSIVE;
				CLANG_CXX_LANGUAGE_STANDARD = "gnu++14";
				CLANG_CXX_LIBRARY = "libc++";
				CLANG_ENABLE_MODULES = YES;
				CLANG_ENABLE_OBJC_ARC = YES;
				CLANG_ENABLE_OBJC_WEAK = YES;
				CLANG_WARN_BLOCK_CAPTURE_AUTORELEASING = YES;
				CLANG_WARN_BOOL_CONVERSION = YES;
				CLANG_WARN_COMMA = YES;
				CLANG_WARN_CONSTANT_CONVERSION = YES;
				CLANG_WARN_DEPRECATED_OBJC_IMPLEMENTATIONS = YES;
				CLANG_WARN_DIRECT_OBJC_ISA_USAGE = YES_ERROR;
				CLANG_WARN_DOCUMENTATION_COMMENTS = YES;
				CLANG_WARN_EMPTY_BODY = YES;
				CLANG_WARN_ENUM_CONVERSION = YES;
				CLANG_WARN_INFINITE_RECURSION = YES;
				CLANG_WARN_INT_CONVERSION = YES;
				CLANG_WARN_NON_LITERAL_NULL_CONVERSION = YES;
				CLANG_WARN_OBJC_IMPLICIT_RETAIN_SELF = YES;
				CLANG_WARN_OBJC_LITERAL_CONVERSION = YES;
				CLANG_WARN_OBJC_ROOT_CLASS = YES_ERROR;
				CLANG_WARN_RANGE_LOOP_ANALYSIS = YES;
				CLANG_WARN_STRICT_PROTOTYPES = YES;
				CLANG_WARN_SUSPICIOUS_MOVE = YES;
				CLANG_WARN_UNGUARDED_AVAILABILITY = YES_AGGRESSIVE;
				CLANG_WARN_UNREACHABLE_CODE = YES;
				CLANG_WARN__DUPLICATE_METHOD_MATCH = YES;
				COPY_PHASE_STRIP = NO;
				DEBUG_INFORMATION_FORMAT = "dwarf-with-dsym";
				ENABLE_NS_ASSERTIONS = NO;
				ENABLE_STRICT_OBJC_MSGSEND = YES;
				GCC_C_LANGUAGE_STANDARD = gnu11;
				GCC_NO_COMMON_BLOCKS = YES;
				GCC_WARN_64_TO_32_BIT_CONVERSION = YES;
				GCC_WARN_ABOUT_RETURN_TYPE = YES_ERROR;
				GCC_WARN_UNDECLARED_SELECTOR = YES;
				GCC_WARN_UNINITIALIZED_AUTOS = YES_AGGRESSIVE;
				GCC_WARN_UNUSED_FUNCTION = YES;
				GCC_WARN_UNUSED_VARIABLE = YES;
				IPHONEOS_DEPLOYMENT_TARGET = 13.4;
				MTL_ENABLE_DEBUG_INFO = NO;
				MTL_FAST_MATH = YES;
				SDKROOT = iphoneos;
				SWIFT_COMPILATION_MODE = wholemodule;
				SWIFT_OPTIMIZATION_LEVEL = "-O";
				VALIDATE_PRODUCT = YES;
			};
			name = Release;
		};
		1F2636972440991000CA60B1 /* Debug */ = {
			isa = XCBuildConfiguration;
			baseConfigurationReference = 7BED5E0BA68B0FDE5A165398 /* Pods-Discuss.debug.xcconfig */;
			buildSettings = {
				ASSETCATALOG_COMPILER_APPICON_NAME = AppIcon;
				CODE_SIGN_STYLE = Automatic;
				DEVELOPMENT_TEAM = QC9853NR22;
				INFOPLIST_FILE = Discuss/Info.plist;
				LD_RUNPATH_SEARCH_PATHS = (
					"$(inherited)",
					"@executable_path/Frameworks",
				);
				PRODUCT_BUNDLE_IDENTIFIER = TheHarshShow.Discuss;
				PRODUCT_NAME = "$(TARGET_NAME)";
				SWIFT_VERSION = 5.0;
				TARGETED_DEVICE_FAMILY = "1,2";
			};
			name = Debug;
		};
		1F2636982440991000CA60B1 /* Release */ = {
			isa = XCBuildConfiguration;
			baseConfigurationReference = 3380CB6B14C6345889016979 /* Pods-Discuss.release.xcconfig */;
			buildSettings = {
				ASSETCATALOG_COMPILER_APPICON_NAME = AppIcon;
				CODE_SIGN_STYLE = Automatic;
				DEVELOPMENT_TEAM = QC9853NR22;
				INFOPLIST_FILE = Discuss/Info.plist;
				LD_RUNPATH_SEARCH_PATHS = (
					"$(inherited)",
					"@executable_path/Frameworks",
				);
				PRODUCT_BUNDLE_IDENTIFIER = TheHarshShow.Discuss;
				PRODUCT_NAME = "$(TARGET_NAME)";
				SWIFT_VERSION = 5.0;
				TARGETED_DEVICE_FAMILY = "1,2";
			};
			name = Release;
		};
		1F26369A2440991000CA60B1 /* Debug */ = {
			isa = XCBuildConfiguration;
			baseConfigurationReference = C3D6B0E80F7CE8D318B3045C /* Pods-DiscussTests.debug.xcconfig */;
			buildSettings = {
				ALWAYS_EMBED_SWIFT_STANDARD_LIBRARIES = YES;
				BUNDLE_LOADER = "$(TEST_HOST)";
				CODE_SIGN_STYLE = Automatic;
				DEVELOPMENT_TEAM = QC9853NR22;
				INFOPLIST_FILE = DiscussTests/Info.plist;
				IPHONEOS_DEPLOYMENT_TARGET = 13.4;
				LD_RUNPATH_SEARCH_PATHS = (
					"$(inherited)",
					"@executable_path/Frameworks",
					"@loader_path/Frameworks",
				);
				PRODUCT_BUNDLE_IDENTIFIER = TheHarshShow.DiscussTests;
				PRODUCT_NAME = "$(TARGET_NAME)";
				SWIFT_VERSION = 5.0;
				TARGETED_DEVICE_FAMILY = "1,2";
				TEST_HOST = "$(BUILT_PRODUCTS_DIR)/Discuss.app/Discuss";
			};
			name = Debug;
		};
		1F26369B2440991000CA60B1 /* Release */ = {
			isa = XCBuildConfiguration;
			baseConfigurationReference = BEAAFF3D60BD024F31AE05A9 /* Pods-DiscussTests.release.xcconfig */;
			buildSettings = {
				ALWAYS_EMBED_SWIFT_STANDARD_LIBRARIES = YES;
				BUNDLE_LOADER = "$(TEST_HOST)";
				CODE_SIGN_STYLE = Automatic;
				DEVELOPMENT_TEAM = QC9853NR22;
				INFOPLIST_FILE = DiscussTests/Info.plist;
				IPHONEOS_DEPLOYMENT_TARGET = 13.4;
				LD_RUNPATH_SEARCH_PATHS = (
					"$(inherited)",
					"@executable_path/Frameworks",
					"@loader_path/Frameworks",
				);
				PRODUCT_BUNDLE_IDENTIFIER = TheHarshShow.DiscussTests;
				PRODUCT_NAME = "$(TARGET_NAME)";
				SWIFT_VERSION = 5.0;
				TARGETED_DEVICE_FAMILY = "1,2";
				TEST_HOST = "$(BUILT_PRODUCTS_DIR)/Discuss.app/Discuss";
			};
			name = Release;
		};
		1F26369D2440991000CA60B1 /* Debug */ = {
			isa = XCBuildConfiguration;
			baseConfigurationReference = FCD30C9E31E7339CA15A2429 /* Pods-Discuss-DiscussUITests.debug.xcconfig */;
			buildSettings = {
				ALWAYS_EMBED_SWIFT_STANDARD_LIBRARIES = YES;
				CODE_SIGN_STYLE = Automatic;
				DEVELOPMENT_TEAM = QC9853NR22;
				INFOPLIST_FILE = DiscussUITests/Info.plist;
				LD_RUNPATH_SEARCH_PATHS = (
					"$(inherited)",
					"@executable_path/Frameworks",
					"@loader_path/Frameworks",
				);
				PRODUCT_BUNDLE_IDENTIFIER = TheHarshShow.DiscussUITests;
				PRODUCT_NAME = "$(TARGET_NAME)";
				SWIFT_VERSION = 5.0;
				TARGETED_DEVICE_FAMILY = "1,2";
				TEST_TARGET_NAME = Discuss;
			};
			name = Debug;
		};
		1F26369E2440991000CA60B1 /* Release */ = {
			isa = XCBuildConfiguration;
			baseConfigurationReference = CAE7D017D1EE7AE822D7324C /* Pods-Discuss-DiscussUITests.release.xcconfig */;
			buildSettings = {
				ALWAYS_EMBED_SWIFT_STANDARD_LIBRARIES = YES;
				CODE_SIGN_STYLE = Automatic;
				DEVELOPMENT_TEAM = QC9853NR22;
				INFOPLIST_FILE = DiscussUITests/Info.plist;
				LD_RUNPATH_SEARCH_PATHS = (
					"$(inherited)",
					"@executable_path/Frameworks",
					"@loader_path/Frameworks",
				);
				PRODUCT_BUNDLE_IDENTIFIER = TheHarshShow.DiscussUITests;
				PRODUCT_NAME = "$(TARGET_NAME)";
				SWIFT_VERSION = 5.0;
				TARGETED_DEVICE_FAMILY = "1,2";
				TEST_TARGET_NAME = Discuss;
			};
			name = Release;
		};
/* End XCBuildConfiguration section */

/* Begin XCConfigurationList section */
		1F2636672440990F00CA60B1 /* Build configuration list for PBXProject "Discuss" */ = {
			isa = XCConfigurationList;
			buildConfigurations = (
				1F2636942440991000CA60B1 /* Debug */,
				1F2636952440991000CA60B1 /* Release */,
			);
			defaultConfigurationIsVisible = 0;
			defaultConfigurationName = Release;
		};
		1F2636962440991000CA60B1 /* Build configuration list for PBXNativeTarget "Discuss" */ = {
			isa = XCConfigurationList;
			buildConfigurations = (
				1F2636972440991000CA60B1 /* Debug */,
				1F2636982440991000CA60B1 /* Release */,
			);
			defaultConfigurationIsVisible = 0;
			defaultConfigurationName = Release;
		};
		1F2636992440991000CA60B1 /* Build configuration list for PBXNativeTarget "DiscussTests" */ = {
			isa = XCConfigurationList;
			buildConfigurations = (
				1F26369A2440991000CA60B1 /* Debug */,
				1F26369B2440991000CA60B1 /* Release */,
			);
			defaultConfigurationIsVisible = 0;
			defaultConfigurationName = Release;
		};
		1F26369C2440991000CA60B1 /* Build configuration list for PBXNativeTarget "DiscussUITests" */ = {
			isa = XCConfigurationList;
			buildConfigurations = (
				1F26369D2440991000CA60B1 /* Debug */,
				1F26369E2440991000CA60B1 /* Release */,
			);
			defaultConfigurationIsVisible = 0;
			defaultConfigurationName = Release;
		};
/* End XCConfigurationList section */
	};
	rootObject = 1F2636642440990F00CA60B1 /* Project object */;
}
